
Microsoft Visual Studio Solution File, Format Version 12.00
# Visual Studio Version 16
VisualStudioVersion = 16.0.28917.181
MinimumVisualStudioVersion = 10.0.40219.1
Project("{FAE04EC0-301F-11D3-BF4B-00C04F79EFBC}") = "ProductCategoryApp", "ProductCategoryApp\ProductCategoryApp.csproj", "{9D462A68-6084-45B7-8FAB-10ADFBB15D4E}"
EndProject
Project("{FAE04EC0-301F-11D3-BF4B-00C04F79EFBC}") = "ProductCategoryApp.Data", "ProductCategoryApp.Data\ProductCategoryApp.Data.csproj", "{EBA10071-DE75-4250-981D-C4DCABB3684E}"
EndProject
Project("{FAE04EC0-301F-11D3-BF4B-00C04F79EFBC}") = "ProductCategoryApp.Models", "ProductCategoryApp.Models\ProductCategoryApp.Models.csproj", "{A861A3EC-C689-4202-BCDC-EA30BB216B2C}"
EndProject
Global
	GlobalSection(SolutionConfigurationPlatforms) = preSolution
		Debug|Any CPU = Debug|Any CPU
		Release|Any CPU = Release|Any CPU
	EndGlobalSection
	GlobalSection(ProjectConfigurationPlatforms) = postSolution
		{9D462A68-6084-45B7-8FAB-10ADFBB15D4E}.Debug|Any CPU.ActiveCfg = Debug|Any CPU
		{9D462A68-6084-45B7-8FAB-10ADFBB15D4E}.Debug|Any CPU.Build.0 = Debug|Any CPU
		{9D462A68-6084-45B7-8FAB-10ADFBB15D4E}.Release|Any CPU.ActiveCfg = Release|Any CPU
		{9D462A68-6084-45B7-8FAB-10ADFBB15D4E}.Release|Any CPU.Build.0 = Release|Any CPU
		{EBA10071-DE75-4250-981D-C4DCABB3684E}.Debug|Any CPU.ActiveCfg = Debug|Any CPU
		{EBA10071-DE75-4250-981D-C4DCABB3684E}.Debug|Any CPU.Build.0 = Debug|Any CPU
		{EBA10071-DE75-4250-981D-C4DCABB3684E}.Release|Any CPU.ActiveCfg = Release|Any CPU
		{EBA10071-DE75-4250-981D-C4DCABB3684E}.Release|Any CPU.Build.0 = Release|Any CPU
		{A861A3EC-C689-4202-BCDC-EA30BB216B2C}.Debug|Any CPU.ActiveCfg = Debug|Any CPU
		{A861A3EC-C689-4202-BCDC-EA30BB216B2C}.Debug|Any CPU.Build.0 = Debug|Any CPU
		{A861A3EC-C689-4202-BCDC-EA30BB216B2C}.Release|Any CPU.ActiveCfg = Release|Any CPU
		{A861A3EC-C689-4202-BCDC-EA30BB216B2C}.Release|Any CPU.Build.0 = Release|Any CPU
	EndGlobalSection
	GlobalSection(SolutionProperties) = preSolution
		HideSolutionNode = FALSE
	EndGlobalSection
	GlobalSection(ExtensibilityGlobals) = postSolution
		SolutionGuid = {8B7B808B-F7CB-417E-AD39-3F497F52F785}
	EndGlobalSection
EndGlobal
